# This file is autogenerated, do not edit; changes may be undone by the next 'dep ensure'.


[[projects]]
  branch = "master"
  name = "github.com/syucream/spar"
  packages = [
    "src/lexer",
    "src/parser",
    "src/types"
  ]
  revision = "8ed53517762a0cb9f4acb80531581931dc3f8456"

[solve-meta]
  analyzer-name = "dep"
  analyzer-version = 1
  inputs-digest = "a3e3e4334e9f4a057ec865496ad442030c77151d12edd89cd997375fd5cd6fde"
  solver-name = "gps-cdcl"
  solver-version = 1
